
Microsoft Visual Studio Solution File, Format Version 12.00
# Visual Studio Version 17
VisualStudioVersion = 17.4.33103.184
MinimumVisualStudioVersion = 10.0.40219.1
Project("{FAE04EC0-301F-11D3-BF4B-00C04F79EFBC}") = "webapi.inlock.dbFirst.manha", "webapi.inlock.dbFirst.manha\webapi.inlock.dbFirst.manha.csproj", "{7CF88CC4-10DD-41AA-9A9D-DC1613D4B2D3}"
EndProject
Global
	GlobalSection(SolutionConfigurationPlatforms) = preSolution
		Debug|Any CPU = Debug|Any CPU
		Release|Any CPU = Release|Any CPU
	EndGlobalSection
	GlobalSection(ProjectConfigurationPlatforms) = postSolution
		{7CF88CC4-10DD-41AA-9A9D-DC1613D4B2D3}.Debug|Any CPU.ActiveCfg = Debug|Any CPU
		{7CF88CC4-10DD-41AA-9A9D-DC1613D4B2D3}.Debug|Any CPU.Build.0 = Debug|Any CPU
		{7CF88CC4-10DD-41AA-9A9D-DC1613D4B2D3}.Release|Any CPU.ActiveCfg = Release|Any CPU
		{7CF88CC4-10DD-41AA-9A9D-DC1613D4B2D3}.Release|Any CPU.Build.0 = Release|Any CPU
	EndGlobalSection
	GlobalSection(SolutionProperties) = preSolution
		HideSolutionNode = FALSE
	EndGlobalSection
	GlobalSection(ExtensibilityGlobals) = postSolution
		SolutionGuid = {3C88079C-E3DF-472C-8B89-810978AB3FF5}
	EndGlobalSection
EndGlobal
